
Microsoft Visual Studio Solution File, Format Version 12.00
# Visual Studio Version 17
VisualStudioVersion = 17.8.34316.72
MinimumVisualStudioVersion = 10.0.40219.1
Project("{9A19103F-16F7-4668-BE54-9A1E7A4F7556}") = "HelloWorld.Send", "HelloWorld.Send\HelloWorld.Send.csproj", "{98E6A94B-040F-4469-BB4C-799C48DFE7C6}"
EndProject
Project("{FAE04EC0-301F-11D3-BF4B-00C04F79EFBC}") = "HelloWorld.Receive", "HelloWorld.Receive\HelloWorld.Receive.csproj", "{78A4DE4C-4186-4125-8947-E6F16227ECCC}"
EndProject
Global
	GlobalSection(SolutionConfigurationPlatforms) = preSolution
		Debug|Any CPU = Debug|Any CPU
		Release|Any CPU = Release|Any CPU
	EndGlobalSection
	GlobalSection(ProjectConfigurationPlatforms) = postSolution
		{98E6A94B-040F-4469-BB4C-799C48DFE7C6}.Debug|Any CPU.ActiveCfg = Debug|Any CPU
		{98E6A94B-040F-4469-BB4C-799C48DFE7C6}.Debug|Any CPU.Build.0 = Debug|Any CPU
		{98E6A94B-040F-4469-BB4C-799C48DFE7C6}.Release|Any CPU.ActiveCfg = Release|Any CPU
		{98E6A94B-040F-4469-BB4C-799C48DFE7C6}.Release|Any CPU.Build.0 = Release|Any CPU
		{78A4DE4C-4186-4125-8947-E6F16227ECCC}.Debug|Any CPU.ActiveCfg = Debug|Any CPU
		{78A4DE4C-4186-4125-8947-E6F16227ECCC}.Debug|Any CPU.Build.0 = Debug|Any CPU
		{78A4DE4C-4186-4125-8947-E6F16227ECCC}.Release|Any CPU.ActiveCfg = Release|Any CPU
		{78A4DE4C-4186-4125-8947-E6F16227ECCC}.Release|Any CPU.Build.0 = Release|Any CPU
	EndGlobalSection
	GlobalSection(SolutionProperties) = preSolution
		HideSolutionNode = FALSE
	EndGlobalSection
	GlobalSection(ExtensibilityGlobals) = postSolution
		SolutionGuid = {451A2E4D-6155-42E9-820A-B0E48099C642}
	EndGlobalSection
EndGlobal
