
Microsoft Visual Studio Solution File, Format Version 12.00
# Visual Studio Version 17
VisualStudioVersion = 17.8.34316.72
MinimumVisualStudioVersion = 10.0.40219.1
Project("{FAE04EC0-301F-11D3-BF4B-00C04F79EFBC}") = "WorkQueues.NewTask", "WorkQueues.NewTask\WorkQueues.NewTask.csproj", "{22366784-AF7D-4465-88D9-5FAF01092CC8}"
EndProject
Project("{FAE04EC0-301F-11D3-BF4B-00C04F79EFBC}") = "WorkQueues.Worker", "WorkQueues.Worker\WorkQueues.Worker.csproj", "{6945E821-F98D-4817-A4C9-976FA359AA2B}"
EndProject
Global
	GlobalSection(SolutionConfigurationPlatforms) = preSolution
		Debug|Any CPU = Debug|Any CPU
		Release|Any CPU = Release|Any CPU
	EndGlobalSection
	GlobalSection(ProjectConfigurationPlatforms) = postSolution
		{22366784-AF7D-4465-88D9-5FAF01092CC8}.Debug|Any CPU.ActiveCfg = Debug|Any CPU
		{22366784-AF7D-4465-88D9-5FAF01092CC8}.Debug|Any CPU.Build.0 = Debug|Any CPU
		{22366784-AF7D-4465-88D9-5FAF01092CC8}.Release|Any CPU.ActiveCfg = Release|Any CPU
		{22366784-AF7D-4465-88D9-5FAF01092CC8}.Release|Any CPU.Build.0 = Release|Any CPU
		{6945E821-F98D-4817-A4C9-976FA359AA2B}.Debug|Any CPU.ActiveCfg = Debug|Any CPU
		{6945E821-F98D-4817-A4C9-976FA359AA2B}.Debug|Any CPU.Build.0 = Debug|Any CPU
		{6945E821-F98D-4817-A4C9-976FA359AA2B}.Release|Any CPU.ActiveCfg = Release|Any CPU
		{6945E821-F98D-4817-A4C9-976FA359AA2B}.Release|Any CPU.Build.0 = Release|Any CPU
	EndGlobalSection
	GlobalSection(SolutionProperties) = preSolution
		HideSolutionNode = FALSE
	EndGlobalSection
	GlobalSection(ExtensibilityGlobals) = postSolution
		SolutionGuid = {421CCD0A-4C1C-4AF8-A287-7917129861AD}
	EndGlobalSection
EndGlobal
