
Microsoft Visual Studio Solution File, Format Version 12.00
# Visual Studio Version 17
VisualStudioVersion = 17.8.34316.72
MinimumVisualStudioVersion = 10.0.40219.1
Project("{FAE04EC0-301F-11D3-BF4B-00C04F79EFBC}") = "Properties.Publisher", "Properties.Publisher\Properties.Publisher.csproj", "{88C68673-19DB-4585-A4D8-28F07265F8BD}"
EndProject
Global
	GlobalSection(SolutionConfigurationPlatforms) = preSolution
		Debug|Any CPU = Debug|Any CPU
		Release|Any CPU = Release|Any CPU
	EndGlobalSection
	GlobalSection(ProjectConfigurationPlatforms) = postSolution
		{88C68673-19DB-4585-A4D8-28F07265F8BD}.Debug|Any CPU.ActiveCfg = Debug|Any CPU
		{88C68673-19DB-4585-A4D8-28F07265F8BD}.Debug|Any CPU.Build.0 = Debug|Any CPU
		{88C68673-19DB-4585-A4D8-28F07265F8BD}.Release|Any CPU.ActiveCfg = Release|Any CPU
		{88C68673-19DB-4585-A4D8-28F07265F8BD}.Release|Any CPU.Build.0 = Release|Any CPU
	EndGlobalSection
	GlobalSection(SolutionProperties) = preSolution
		HideSolutionNode = FALSE
	EndGlobalSection
	GlobalSection(ExtensibilityGlobals) = postSolution
		SolutionGuid = {8A443B79-5B9B-4B48-84ED-C1ABBE81AD02}
	EndGlobalSection
EndGlobal
