
Microsoft Visual Studio Solution File, Format Version 12.00
# Visual Studio Version 17
VisualStudioVersion = 17.8.34316.72
MinimumVisualStudioVersion = 10.0.40219.1
Project("{FAE04EC0-301F-11D3-BF4B-00C04F79EFBC}") = "Routing.EmitLog", "Routing.EmitLog\Routing.EmitLog.csproj", "{5B373966-1B30-47B8-B216-12A56F2B0375}"
EndProject
Project("{FAE04EC0-301F-11D3-BF4B-00C04F79EFBC}") = "Routing.Receive", "Routing.Receive\Routing.Receive.csproj", "{28B2578B-C823-4345-BD38-9990C45166A4}"
EndProject
Global
	GlobalSection(SolutionConfigurationPlatforms) = preSolution
		Debug|Any CPU = Debug|Any CPU
		Release|Any CPU = Release|Any CPU
	EndGlobalSection
	GlobalSection(ProjectConfigurationPlatforms) = postSolution
		{5B373966-1B30-47B8-B216-12A56F2B0375}.Debug|Any CPU.ActiveCfg = Debug|Any CPU
		{5B373966-1B30-47B8-B216-12A56F2B0375}.Debug|Any CPU.Build.0 = Debug|Any CPU
		{5B373966-1B30-47B8-B216-12A56F2B0375}.Release|Any CPU.ActiveCfg = Release|Any CPU
		{5B373966-1B30-47B8-B216-12A56F2B0375}.Release|Any CPU.Build.0 = Release|Any CPU
		{28B2578B-C823-4345-BD38-9990C45166A4}.Debug|Any CPU.ActiveCfg = Debug|Any CPU
		{28B2578B-C823-4345-BD38-9990C45166A4}.Debug|Any CPU.Build.0 = Debug|Any CPU
		{28B2578B-C823-4345-BD38-9990C45166A4}.Release|Any CPU.ActiveCfg = Release|Any CPU
		{28B2578B-C823-4345-BD38-9990C45166A4}.Release|Any CPU.Build.0 = Release|Any CPU
	EndGlobalSection
	GlobalSection(SolutionProperties) = preSolution
		HideSolutionNode = FALSE
	EndGlobalSection
	GlobalSection(ExtensibilityGlobals) = postSolution
		SolutionGuid = {9344D377-9469-421D-B828-283D0BEABD39}
	EndGlobalSection
EndGlobal
