
Microsoft Visual Studio Solution File, Format Version 12.00
# Visual Studio Version 17
VisualStudioVersion = 17.8.34316.72
MinimumVisualStudioVersion = 10.0.40219.1
Project("{FAE04EC0-301F-11D3-BF4B-00C04F79EFBC}") = "Topics.EmitLog", "Topics.EmitLog\Topics.EmitLog.csproj", "{B2312567-7D44-40D6-8DF6-3069343D707B}"
EndProject
Project("{FAE04EC0-301F-11D3-BF4B-00C04F79EFBC}") = "Topics.Receive", "Topics.Receive\Topics.Receive.csproj", "{75B3229B-F154-4FB0-80CF-675211D971DA}"
EndProject
Global
	GlobalSection(SolutionConfigurationPlatforms) = preSolution
		Debug|Any CPU = Debug|Any CPU
		Release|Any CPU = Release|Any CPU
	EndGlobalSection
	GlobalSection(ProjectConfigurationPlatforms) = postSolution
		{B2312567-7D44-40D6-8DF6-3069343D707B}.Debug|Any CPU.ActiveCfg = Debug|Any CPU
		{B2312567-7D44-40D6-8DF6-3069343D707B}.Debug|Any CPU.Build.0 = Debug|Any CPU
		{B2312567-7D44-40D6-8DF6-3069343D707B}.Release|Any CPU.ActiveCfg = Release|Any CPU
		{B2312567-7D44-40D6-8DF6-3069343D707B}.Release|Any CPU.Build.0 = Release|Any CPU
		{75B3229B-F154-4FB0-80CF-675211D971DA}.Debug|Any CPU.ActiveCfg = Debug|Any CPU
		{75B3229B-F154-4FB0-80CF-675211D971DA}.Debug|Any CPU.Build.0 = Debug|Any CPU
		{75B3229B-F154-4FB0-80CF-675211D971DA}.Release|Any CPU.ActiveCfg = Release|Any CPU
		{75B3229B-F154-4FB0-80CF-675211D971DA}.Release|Any CPU.Build.0 = Release|Any CPU
	EndGlobalSection
	GlobalSection(SolutionProperties) = preSolution
		HideSolutionNode = FALSE
	EndGlobalSection
	GlobalSection(ExtensibilityGlobals) = postSolution
		SolutionGuid = {BC0ABB8F-D7A1-449F-B29A-0DE1D10E6C86}
	EndGlobalSection
EndGlobal
